
Microsoft Visual Studio Solution File, Format Version 12.00
# Visual Studio Version 16
VisualStudioVersion = 16.0.31727.386
MinimumVisualStudioVersion = 10.0.40219.1
Project("{FAE04EC0-301F-11D3-BF4B-00C04F79EFBC}") = "employeeAPI", "employeeAPI\employeeAPI.csproj", "{B10349C1-9D8D-424F-A6B4-CC453AFBEA67}"
EndProject
Global
	GlobalSection(SolutionConfigurationPlatforms) = preSolution
		Debug|Any CPU = Debug|Any CPU
		Release|Any CPU = Release|Any CPU
	EndGlobalSection
	GlobalSection(ProjectConfigurationPlatforms) = postSolution
		{B10349C1-9D8D-424F-A6B4-CC453AFBEA67}.Debug|Any CPU.ActiveCfg = Debug|Any CPU
		{B10349C1-9D8D-424F-A6B4-CC453AFBEA67}.Debug|Any CPU.Build.0 = Debug|Any CPU
		{B10349C1-9D8D-424F-A6B4-CC453AFBEA67}.Release|Any CPU.ActiveCfg = Release|Any CPU
		{B10349C1-9D8D-424F-A6B4-CC453AFBEA67}.Release|Any CPU.Build.0 = Release|Any CPU
	EndGlobalSection
	GlobalSection(SolutionProperties) = preSolution
		HideSolutionNode = FALSE
	EndGlobalSection
	GlobalSection(ExtensibilityGlobals) = postSolution
		SolutionGuid = {2DF647B2-F3A5-4EFF-BBED-CEE552A36673}
	EndGlobalSection
EndGlobal
